
Microsoft Visual Studio Solution File, Format Version 12.00
# Visual Studio 15
VisualStudioVersion = 15.0.28307.1340
MinimumVisualStudioVersion = 10.0.40219.1
Project("{FAE04EC0-301F-11D3-BF4B-00C04F79EFBC}") = "Assignment 2.2", "Assignment 2.2\Assignment 2.2.csproj", "{6E3BAE57-DE10-4E8D-B3D7-B553D6904D0B}"
EndProject
Global
	GlobalSection(SolutionConfigurationPlatforms) = preSolution
		Debug|Any CPU = Debug|Any CPU
		Release|Any CPU = Release|Any CPU
	EndGlobalSection
	GlobalSection(ProjectConfigurationPlatforms) = postSolution
		{6E3BAE57-DE10-4E8D-B3D7-B553D6904D0B}.Debug|Any CPU.ActiveCfg = Debug|Any CPU
		{6E3BAE57-DE10-4E8D-B3D7-B553D6904D0B}.Debug|Any CPU.Build.0 = Debug|Any CPU
		{6E3BAE57-DE10-4E8D-B3D7-B553D6904D0B}.Release|Any CPU.ActiveCfg = Release|Any CPU
		{6E3BAE57-DE10-4E8D-B3D7-B553D6904D0B}.Release|Any CPU.Build.0 = Release|Any CPU
	EndGlobalSection
	GlobalSection(SolutionProperties) = preSolution
		HideSolutionNode = FALSE
	EndGlobalSection
	GlobalSection(ExtensibilityGlobals) = postSolution
		SolutionGuid = {84F2392A-491A-402E-82AC-997DB7B1D8B3}
	EndGlobalSection
EndGlobal
